
Microsoft Visual Studio Solution File, Format Version 12.00
# Visual Studio Version 17
VisualStudioVersion = 17.2.32526.322
MinimumVisualStudioVersion = 10.0.40219.1
Project("{FAE04EC0-301F-11D3-BF4B-00C04F79EFBC}") = "RecipesWebApp", "WebApplication2\RecipesWebApp.csproj", "{ABCACC16-2C07-4A60-B994-14C8B090114D}"
EndProject
Global
	GlobalSection(SolutionConfigurationPlatforms) = preSolution
		Debug|Any CPU = Debug|Any CPU
		Release|Any CPU = Release|Any CPU
	EndGlobalSection
	GlobalSection(ProjectConfigurationPlatforms) = postSolution
		{ABCACC16-2C07-4A60-B994-14C8B090114D}.Debug|Any CPU.ActiveCfg = Debug|Any CPU
		{ABCACC16-2C07-4A60-B994-14C8B090114D}.Debug|Any CPU.Build.0 = Debug|Any CPU
		{ABCACC16-2C07-4A60-B994-14C8B090114D}.Release|Any CPU.ActiveCfg = Release|Any CPU
		{ABCACC16-2C07-4A60-B994-14C8B090114D}.Release|Any CPU.Build.0 = Release|Any CPU
	EndGlobalSection
	GlobalSection(SolutionProperties) = preSolution
		HideSolutionNode = FALSE
	EndGlobalSection
	GlobalSection(ExtensibilityGlobals) = postSolution
		SolutionGuid = {977CF9FD-736B-4331-877C-827A2A3BABDA}
	EndGlobalSection
EndGlobal
